# This file is automatically @generated by Cargo.
# It is not intended for manual editing.
[[package]]
name = "command-macros"
version = "0.2.7"
source = "registry+https://github.com/rust-lang/crates.io-index"
dependencies = [
 "command-macros-plugin 0.2.5 (registry+https://github.com/rust-lang/crates.io-index)",
]

[[package]]
name = "command-macros-plugin"
version = "0.2.5"
source = "registry+https://github.com/rust-lang/crates.io-index"
dependencies = [
 "itertools 0.7.11 (registry+https://github.com/rust-lang/crates.io-index)",
]

[[package]]
name = "either"
version = "1.5.3"
source = "registry+https://github.com/rust-lang/crates.io-index"

[[package]]
name = "itertools"
version = "0.7.11"
source = "registry+https://github.com/rust-lang/crates.io-index"
dependencies = [
 "either 1.5.3 (registry+https://github.com/rust-lang/crates.io-index)",
]

[[package]]
name = "mysync"
version = "0.1.0"
dependencies = [
 "command-macros 0.2.7 (registry+https://github.com/rust-lang/crates.io-index)",
]

[metadata]
"checksum command-macros 0.2.7 (registry+https://github.com/rust-lang/crates.io-index)" = "201c7eb93a3d071a2b547c2fbf118c0169b670d98b6fe676f4e0988f9523bf79"
"checksum command-macros-plugin 0.2.5 (registry+https://github.com/rust-lang/crates.io-index)" = "c844ebaf07dbf0045ca0338ffb1188d6922b4d9672f40bbd239a82c3884fcc7d"
"checksum either 1.5.3 (registry+https://github.com/rust-lang/crates.io-index)" = "bb1f6b1ce1c140482ea30ddd3335fc0024ac7ee112895426e0a629a6c20adfe3"
"checksum itertools 0.7.11 (registry+https://github.com/rust-lang/crates.io-index)" = "0d47946d458e94a1b7bcabbf6521ea7c037062c81f534615abcad76e84d4970d"
